
Microsoft Visual Studio Solution File, Format Version 12.00
# Visual Studio Version 16
VisualStudioVersion = 16.0.31702.278
MinimumVisualStudioVersion = 10.0.40219.1
Project("{FAE04EC0-301F-11D3-BF4B-00C04F79EFBC}") = "Edit Title Block Inventor", "Edit Title Block Inventor\Edit Title Block Inventor.csproj", "{FE16983D-C960-455D-B03C-66CA6C89C5A2}"
EndProject
Project("{FAE04EC0-301F-11D3-BF4B-00C04F79EFBC}") = "Microsoft Print to PDF", "Microsoft Print to PDF\Microsoft Print to PDF.csproj", "{6DE4C414-37F3-4AA8-8A50-6D8EAF7D2142}"
EndProject
Project("{FAE04EC0-301F-11D3-BF4B-00C04F79EFBC}") = "ProjectManagement", "ProjectManagement\ProjectManagement.csproj", "{8121AE32-1C75-43FF-A1B3-7D970CF0687C}"
EndProject
Project("{FAE04EC0-301F-11D3-BF4B-00C04F79EFBC}") = "InventorExporterForEU", "InventorExporterForEU\InventorExporterForEU.csproj", "{B2315E40-2F07-4E04-A741-D492797E157E}"
EndProject
Project("{2150E333-8FDC-42A3-9474-1A3956D46DE8}") = "Production Drawing", "Production Drawing", "{56A6988F-2D03-452F-8AE0-09BBAAC45A65}"
EndProject
Project("{FAE04EC0-301F-11D3-BF4B-00C04F79EFBC}") = "AddTitleForDetailAutoCAD", "AddTitleForDetailautoCAD\AddTitleForDetailAutoCAD.csproj", "{EAB014A7-1DC8-4670-86C0-A4EB1FF0992D}"
EndProject
Project("{FAE04EC0-301F-11D3-BF4B-00C04F79EFBC}") = "AddPointForAutoCADDrawing", "AddPointForAutoCADDrawing\AddPointForAutoCADDrawing.csproj", "{118343DC-099F-41CB-B5D5-228E28820C81}"
EndProject
Project("{FAE04EC0-301F-11D3-BF4B-00C04F79EFBC}") = "Edit Title Block Inventor ver1.1", "Edit Title Block Inventor ver1.1\Edit Title Block Inventor ver1.1.csproj", "{33BD4C86-FD8E-4C14-8EB0-AADFFDFF30AF}"
EndProject
Project("{FAE04EC0-301F-11D3-BF4B-00C04F79EFBC}") = "PdfRotationForSAP", "PdfRotationForSAP\PdfRotationForSAP.csproj", "{57390785-FAF9-47BC-B0FB-DD54B60DAF82}"
EndProject
Project("{2150E333-8FDC-42A3-9474-1A3956D46DE8}") = "BIM_CAD", "BIM_CAD", "{91CB2976-8564-471E-8C6A-0EC5EBBD0944}"
EndProject
Project("{2150E333-8FDC-42A3-9474-1A3956D46DE8}") = "Other", "Other", "{4BCA17C2-B3BF-4B36-B1BD-B57262D804D3}"
EndProject
Project("{FAE04EC0-301F-11D3-BF4B-00C04F79EFBC}") = "CaptureScreenWindow", "CaptureScreenWindow\CaptureScreenWindow.csproj", "{628D9011-3B0C-4C83-9437-D8DBDC5BC1E9}"
EndProject
Project("{2150E333-8FDC-42A3-9474-1A3956D46DE8}") = "Anchor", "Anchor", "{C03D8D7F-8AE5-4DB9-AD33-59CF4AF1B576}"
EndProject
Project("{FAE04EC0-301F-11D3-BF4B-00C04F79EFBC}") = "THD Testing", "THD Testing\THD Testing.csproj", "{1CB49C81-7361-470F-972D-157F6DEFFC00}"
EndProject
Project("{FAE04EC0-301F-11D3-BF4B-00C04F79EFBC}") = "Text Collection", "Text Collection\Text Collection.csproj", "{7411A58A-38F8-4E1C-8BD9-04BC40231A29}"
EndProject
Project("{FAE04EC0-301F-11D3-BF4B-00C04F79EFBC}") = "AddBlockView", "AddBlockView\AddBlockView.csproj", "{E7FF4281-351A-4931-AFC3-F529C5AF7650}"
EndProject
Project("{2150E333-8FDC-42A3-9474-1A3956D46DE8}") = "Revit", "Revit", "{B8A3696F-7B53-4174-9456-D9B651654393}"
EndProject
Project("{FAE04EC0-301F-11D3-BF4B-00C04F79EFBC}") = "Import_CAD", "Import CAD\Import_CAD.csproj", "{D479DA62-3474-4CC6-8B33-DBFA94876D5C}"
EndProject
Project("{FAE04EC0-301F-11D3-BF4B-00C04F79EFBC}") = "CopyFilesIntoFolder", "MoveFilesIntoFolder\CopyFilesIntoFolder.csproj", "{167B5CD0-3AC2-4913-A69E-BB3DDAD14E36}"
EndProject
Project("{FAE04EC0-301F-11D3-BF4B-00C04F79EFBC}") = "Add_Views_Inline", "Add_Views_Inline\Add_Views_Inline.csproj", "{093F9EF2-718A-4289-BC6C-9BAA81C9DBA7}"
EndProject
Project("{FAE04EC0-301F-11D3-BF4B-00C04F79EFBC}") = "Test", "Test\Test.csproj", "{23549171-BF90-43D2-A702-B939271E8C1F}"
EndProject
Global
	GlobalSection(SolutionConfigurationPlatforms) = preSolution
		Debug|Any CPU = Debug|Any CPU
		Debug|x64 = Debug|x64
		Debug|x86 = Debug|x86
		Release|Any CPU = Release|Any CPU
		Release|x64 = Release|x64
		Release|x86 = Release|x86
	EndGlobalSection
	GlobalSection(ProjectConfigurationPlatforms) = postSolution
		{FE16983D-C960-455D-B03C-66CA6C89C5A2}.Debug|Any CPU.ActiveCfg = Debug|Any CPU
		{FE16983D-C960-455D-B03C-66CA6C89C5A2}.Debug|Any CPU.Build.0 = Debug|Any CPU
		{FE16983D-C960-455D-B03C-66CA6C89C5A2}.Debug|x64.ActiveCfg = Debug|Any CPU
		{FE16983D-C960-455D-B03C-66CA6C89C5A2}.Debug|x64.Build.0 = Debug|Any CPU
		{FE16983D-C960-455D-B03C-66CA6C89C5A2}.Debug|x86.ActiveCfg = Debug|Any CPU
		{FE16983D-C960-455D-B03C-66CA6C89C5A2}.Debug|x86.Build.0 = Debug|Any CPU
		{FE16983D-C960-455D-B03C-66CA6C89C5A2}.Release|Any CPU.ActiveCfg = Release|Any CPU
		{FE16983D-C960-455D-B03C-66CA6C89C5A2}.Release|Any CPU.Build.0 = Release|Any CPU
		{FE16983D-C960-455D-B03C-66CA6C89C5A2}.Release|x64.ActiveCfg = Release|Any CPU
		{FE16983D-C960-455D-B03C-66CA6C89C5A2}.Release|x64.Build.0 = Release|Any CPU
		{FE16983D-C960-455D-B03C-66CA6C89C5A2}.Release|x86.ActiveCfg = Release|Any CPU
		{FE16983D-C960-455D-B03C-66CA6C89C5A2}.Release|x86.Build.0 = Release|Any CPU
		{6DE4C414-37F3-4AA8-8A50-6D8EAF7D2142}.Debug|Any CPU.ActiveCfg = Debug|Any CPU
		{6DE4C414-37F3-4AA8-8A50-6D8EAF7D2142}.Debug|Any CPU.Build.0 = Debug|Any CPU
		{6DE4C414-37F3-4AA8-8A50-6D8EAF7D2142}.Debug|x64.ActiveCfg = Debug|Any CPU
		{6DE4C414-37F3-4AA8-8A50-6D8EAF7D2142}.Debug|x64.Build.0 = Debug|Any CPU
		{6DE4C414-37F3-4AA8-8A50-6D8EAF7D2142}.Debug|x86.ActiveCfg = Debug|Any CPU
		{6DE4C414-37F3-4AA8-8A50-6D8EAF7D2142}.Debug|x86.Build.0 = Debug|Any CPU
		{6DE4C414-37F3-4AA8-8A50-6D8EAF7D2142}.Release|Any CPU.ActiveCfg = Release|Any CPU
		{6DE4C414-37F3-4AA8-8A50-6D8EAF7D2142}.Release|Any CPU.Build.0 = Release|Any CPU
		{6DE4C414-37F3-4AA8-8A50-6D8EAF7D2142}.Release|x64.ActiveCfg = Release|Any CPU
		{6DE4C414-37F3-4AA8-8A50-6D8EAF7D2142}.Release|x64.Build.0 = Release|Any CPU
		{6DE4C414-37F3-4AA8-8A50-6D8EAF7D2142}.Release|x86.ActiveCfg = Release|Any CPU
		{6DE4C414-37F3-4AA8-8A50-6D8EAF7D2142}.Release|x86.Build.0 = Release|Any CPU
		{8121AE32-1C75-43FF-A1B3-7D970CF0687C}.Debug|Any CPU.ActiveCfg = Debug|Any CPU
		{8121AE32-1C75-43FF-A1B3-7D970CF0687C}.Debug|Any CPU.Build.0 = Debug|Any CPU
		{8121AE32-1C75-43FF-A1B3-7D970CF0687C}.Debug|x64.ActiveCfg = Debug|Any CPU
		{8121AE32-1C75-43FF-A1B3-7D970CF0687C}.Debug|x64.Build.0 = Debug|Any CPU
		{8121AE32-1C75-43FF-A1B3-7D970CF0687C}.Debug|x86.ActiveCfg = Debug|Any CPU
		{8121AE32-1C75-43FF-A1B3-7D970CF0687C}.Debug|x86.Build.0 = Debug|Any CPU
		{8121AE32-1C75-43FF-A1B3-7D970CF0687C}.Release|Any CPU.ActiveCfg = Release|Any CPU
		{8121AE32-1C75-43FF-A1B3-7D970CF0687C}.Release|Any CPU.Build.0 = Release|Any CPU
		{8121AE32-1C75-43FF-A1B3-7D970CF0687C}.Release|x64.ActiveCfg = Release|Any CPU
		{8121AE32-1C75-43FF-A1B3-7D970CF0687C}.Release|x64.Build.0 = Release|Any CPU
		{8121AE32-1C75-43FF-A1B3-7D970CF0687C}.Release|x86.ActiveCfg = Release|Any CPU
		{8121AE32-1C75-43FF-A1B3-7D970CF0687C}.Release|x86.Build.0 = Release|Any CPU
		{B2315E40-2F07-4E04-A741-D492797E157E}.Debug|Any CPU.ActiveCfg = Debug|Any CPU
		{B2315E40-2F07-4E04-A741-D492797E157E}.Debug|Any CPU.Build.0 = Debug|Any CPU
		{B2315E40-2F07-4E04-A741-D492797E157E}.Debug|x64.ActiveCfg = Debug|Any CPU
		{B2315E40-2F07-4E04-A741-D492797E157E}.Debug|x64.Build.0 = Debug|Any CPU
		{B2315E40-2F07-4E04-A741-D492797E157E}.Debug|x86.ActiveCfg = Debug|Any CPU
		{B2315E40-2F07-4E04-A741-D492797E157E}.Debug|x86.Build.0 = Debug|Any CPU
		{B2315E40-2F07-4E04-A741-D492797E157E}.Release|Any CPU.ActiveCfg = Release|Any CPU
		{B2315E40-2F07-4E04-A741-D492797E157E}.Release|Any CPU.Build.0 = Release|Any CPU
		{B2315E40-2F07-4E04-A741-D492797E157E}.Release|x64.ActiveCfg = Release|Any CPU
		{B2315E40-2F07-4E04-A741-D492797E157E}.Release|x64.Build.0 = Release|Any CPU
		{B2315E40-2F07-4E04-A741-D492797E157E}.Release|x86.ActiveCfg = Release|Any CPU
		{B2315E40-2F07-4E04-A741-D492797E157E}.Release|x86.Build.0 = Release|Any CPU
		{EAB014A7-1DC8-4670-86C0-A4EB1FF0992D}.Debug|Any CPU.ActiveCfg = Debug|Any CPU
		{EAB014A7-1DC8-4670-86C0-A4EB1FF0992D}.Debug|Any CPU.Build.0 = Debug|Any CPU
		{EAB014A7-1DC8-4670-86C0-A4EB1FF0992D}.Debug|x64.ActiveCfg = Debug|Any CPU
		{EAB014A7-1DC8-4670-86C0-A4EB1FF0992D}.Debug|x64.Build.0 = Debug|Any CPU
		{EAB014A7-1DC8-4670-86C0-A4EB1FF0992D}.Debug|x86.ActiveCfg = Debug|Any CPU
		{EAB014A7-1DC8-4670-86C0-A4EB1FF0992D}.Debug|x86.Build.0 = Debug|Any CPU
		{EAB014A7-1DC8-4670-86C0-A4EB1FF0992D}.Release|Any CPU.ActiveCfg = Release|Any CPU
		{EAB014A7-1DC8-4670-86C0-A4EB1FF0992D}.Release|Any CPU.Build.0 = Release|Any CPU
		{EAB014A7-1DC8-4670-86C0-A4EB1FF0992D}.Release|x64.ActiveCfg = Release|Any CPU
		{EAB014A7-1DC8-4670-86C0-A4EB1FF0992D}.Release|x64.Build.0 = Release|Any CPU
		{EAB014A7-1DC8-4670-86C0-A4EB1FF0992D}.Release|x86.ActiveCfg = Release|Any CPU
		{EAB014A7-1DC8-4670-86C0-A4EB1FF0992D}.Release|x86.Build.0 = Release|Any CPU
		{118343DC-099F-41CB-B5D5-228E28820C81}.Debug|Any CPU.ActiveCfg = Debug|Any CPU
		{118343DC-099F-41CB-B5D5-228E28820C81}.Debug|Any CPU.Build.0 = Debug|Any CPU
		{118343DC-099F-41CB-B5D5-228E28820C81}.Debug|x64.ActiveCfg = Debug|Any CPU
		{118343DC-099F-41CB-B5D5-228E28820C81}.Debug|x64.Build.0 = Debug|Any CPU
		{118343DC-099F-41CB-B5D5-228E28820C81}.Debug|x86.ActiveCfg = Debug|Any CPU
		{118343DC-099F-41CB-B5D5-228E28820C81}.Debug|x86.Build.0 = Debug|Any CPU
		{118343DC-099F-41CB-B5D5-228E28820C81}.Release|Any CPU.ActiveCfg = Release|Any CPU
		{118343DC-099F-41CB-B5D5-228E28820C81}.Release|Any CPU.Build.0 = Release|Any CPU
		{118343DC-099F-41CB-B5D5-228E28820C81}.Release|x64.ActiveCfg = Release|Any CPU
		{118343DC-099F-41CB-B5D5-228E28820C81}.Release|x64.Build.0 = Release|Any CPU
		{118343DC-099F-41CB-B5D5-228E28820C81}.Release|x86.ActiveCfg = Release|Any CPU
		{118343DC-099F-41CB-B5D5-228E28820C81}.Release|x86.Build.0 = Release|Any CPU
		{33BD4C86-FD8E-4C14-8EB0-AADFFDFF30AF}.Debug|Any CPU.ActiveCfg = Debug|Any CPU
		{33BD4C86-FD8E-4C14-8EB0-AADFFDFF30AF}.Debug|Any CPU.Build.0 = Debug|Any CPU
		{33BD4C86-FD8E-4C14-8EB0-AADFFDFF30AF}.Debug|x64.ActiveCfg = Debug|Any CPU
		{33BD4C86-FD8E-4C14-8EB0-AADFFDFF30AF}.Debug|x64.Build.0 = Debug|Any CPU
		{33BD4C86-FD8E-4C14-8EB0-AADFFDFF30AF}.Debug|x86.ActiveCfg = Debug|Any CPU
		{33BD4C86-FD8E-4C14-8EB0-AADFFDFF30AF}.Debug|x86.Build.0 = Debug|Any CPU
		{33BD4C86-FD8E-4C14-8EB0-AADFFDFF30AF}.Release|Any CPU.ActiveCfg = Release|Any CPU
		{33BD4C86-FD8E-4C14-8EB0-AADFFDFF30AF}.Release|Any CPU.Build.0 = Release|Any CPU
		{33BD4C86-FD8E-4C14-8EB0-AADFFDFF30AF}.Release|x64.ActiveCfg = Release|Any CPU
		{33BD4C86-FD8E-4C14-8EB0-AADFFDFF30AF}.Release|x64.Build.0 = Release|Any CPU
		{33BD4C86-FD8E-4C14-8EB0-AADFFDFF30AF}.Release|x86.ActiveCfg = Release|Any CPU
		{33BD4C86-FD8E-4C14-8EB0-AADFFDFF30AF}.Release|x86.Build.0 = Release|Any CPU
		{57390785-FAF9-47BC-B0FB-DD54B60DAF82}.Debug|Any CPU.ActiveCfg = Debug|Any CPU
		{57390785-FAF9-47BC-B0FB-DD54B60DAF82}.Debug|Any CPU.Build.0 = Debug|Any CPU
		{57390785-FAF9-47BC-B0FB-DD54B60DAF82}.Debug|x64.ActiveCfg = Debug|Any CPU
		{57390785-FAF9-47BC-B0FB-DD54B60DAF82}.Debug|x64.Build.0 = Debug|Any CPU
		{57390785-FAF9-47BC-B0FB-DD54B60DAF82}.Debug|x86.ActiveCfg = Debug|Any CPU
		{57390785-FAF9-47BC-B0FB-DD54B60DAF82}.Debug|x86.Build.0 = Debug|Any CPU
		{57390785-FAF9-47BC-B0FB-DD54B60DAF82}.Release|Any CPU.ActiveCfg = Release|Any CPU
		{57390785-FAF9-47BC-B0FB-DD54B60DAF82}.Release|Any CPU.Build.0 = Release|Any CPU
		{57390785-FAF9-47BC-B0FB-DD54B60DAF82}.Release|x64.ActiveCfg = Release|Any CPU
		{57390785-FAF9-47BC-B0FB-DD54B60DAF82}.Release|x64.Build.0 = Release|Any CPU
		{57390785-FAF9-47BC-B0FB-DD54B60DAF82}.Release|x86.ActiveCfg = Release|Any CPU
		{57390785-FAF9-47BC-B0FB-DD54B60DAF82}.Release|x86.Build.0 = Release|Any CPU
		{628D9011-3B0C-4C83-9437-D8DBDC5BC1E9}.Debug|Any CPU.ActiveCfg = Debug|Any CPU
		{628D9011-3B0C-4C83-9437-D8DBDC5BC1E9}.Debug|Any CPU.Build.0 = Debug|Any CPU
		{628D9011-3B0C-4C83-9437-D8DBDC5BC1E9}.Debug|x64.ActiveCfg = Debug|Any CPU
		{628D9011-3B0C-4C83-9437-D8DBDC5BC1E9}.Debug|x64.Build.0 = Debug|Any CPU
		{628D9011-3B0C-4C83-9437-D8DBDC5BC1E9}.Debug|x86.ActiveCfg = Debug|Any CPU
		{628D9011-3B0C-4C83-9437-D8DBDC5BC1E9}.Debug|x86.Build.0 = Debug|Any CPU
		{628D9011-3B0C-4C83-9437-D8DBDC5BC1E9}.Release|Any CPU.ActiveCfg = Release|Any CPU
		{628D9011-3B0C-4C83-9437-D8DBDC5BC1E9}.Release|Any CPU.Build.0 = Release|Any CPU
		{628D9011-3B0C-4C83-9437-D8DBDC5BC1E9}.Release|x64.ActiveCfg = Release|Any CPU
		{628D9011-3B0C-4C83-9437-D8DBDC5BC1E9}.Release|x64.Build.0 = Release|Any CPU
		{628D9011-3B0C-4C83-9437-D8DBDC5BC1E9}.Release|x86.ActiveCfg = Release|Any CPU
		{628D9011-3B0C-4C83-9437-D8DBDC5BC1E9}.Release|x86.Build.0 = Release|Any CPU
		{1CB49C81-7361-470F-972D-157F6DEFFC00}.Debug|Any CPU.ActiveCfg = Debug|Any CPU
		{1CB49C81-7361-470F-972D-157F6DEFFC00}.Debug|Any CPU.Build.0 = Debug|Any CPU
		{1CB49C81-7361-470F-972D-157F6DEFFC00}.Debug|x64.ActiveCfg = Debug|Any CPU
		{1CB49C81-7361-470F-972D-157F6DEFFC00}.Debug|x64.Build.0 = Debug|Any CPU
		{1CB49C81-7361-470F-972D-157F6DEFFC00}.Debug|x86.ActiveCfg = Debug|Any CPU
		{1CB49C81-7361-470F-972D-157F6DEFFC00}.Debug|x86.Build.0 = Debug|Any CPU
		{1CB49C81-7361-470F-972D-157F6DEFFC00}.Release|Any CPU.ActiveCfg = Release|Any CPU
		{1CB49C81-7361-470F-972D-157F6DEFFC00}.Release|Any CPU.Build.0 = Release|Any CPU
		{1CB49C81-7361-470F-972D-157F6DEFFC00}.Release|x64.ActiveCfg = Release|Any CPU
		{1CB49C81-7361-470F-972D-157F6DEFFC00}.Release|x64.Build.0 = Release|Any CPU
		{1CB49C81-7361-470F-972D-157F6DEFFC00}.Release|x86.ActiveCfg = Release|Any CPU
		{1CB49C81-7361-470F-972D-157F6DEFFC00}.Release|x86.Build.0 = Release|Any CPU
		{7411A58A-38F8-4E1C-8BD9-04BC40231A29}.Debug|Any CPU.ActiveCfg = Debug|Any CPU
		{7411A58A-38F8-4E1C-8BD9-04BC40231A29}.Debug|Any CPU.Build.0 = Debug|Any CPU
		{7411A58A-38F8-4E1C-8BD9-04BC40231A29}.Debug|x64.ActiveCfg = Debug|Any CPU
		{7411A58A-38F8-4E1C-8BD9-04BC40231A29}.Debug|x64.Build.0 = Debug|Any CPU
		{7411A58A-38F8-4E1C-8BD9-04BC40231A29}.Debug|x86.ActiveCfg = Debug|Any CPU
		{7411A58A-38F8-4E1C-8BD9-04BC40231A29}.Debug|x86.Build.0 = Debug|Any CPU
		{7411A58A-38F8-4E1C-8BD9-04BC40231A29}.Release|Any CPU.ActiveCfg = Release|Any CPU
		{7411A58A-38F8-4E1C-8BD9-04BC40231A29}.Release|Any CPU.Build.0 = Release|Any CPU
		{7411A58A-38F8-4E1C-8BD9-04BC40231A29}.Release|x64.ActiveCfg = Release|Any CPU
		{7411A58A-38F8-4E1C-8BD9-04BC40231A29}.Release|x64.Build.0 = Release|Any CPU
		{7411A58A-38F8-4E1C-8BD9-04BC40231A29}.Release|x86.ActiveCfg = Release|Any CPU
		{7411A58A-38F8-4E1C-8BD9-04BC40231A29}.Release|x86.Build.0 = Release|Any CPU
		{E7FF4281-351A-4931-AFC3-F529C5AF7650}.Debug|Any CPU.ActiveCfg = Debug|Any CPU
		{E7FF4281-351A-4931-AFC3-F529C5AF7650}.Debug|Any CPU.Build.0 = Debug|Any CPU
		{E7FF4281-351A-4931-AFC3-F529C5AF7650}.Debug|x64.ActiveCfg = Debug|Any CPU
		{E7FF4281-351A-4931-AFC3-F529C5AF7650}.Debug|x64.Build.0 = Debug|Any CPU
		{E7FF4281-351A-4931-AFC3-F529C5AF7650}.Debug|x86.ActiveCfg = Debug|Any CPU
		{E7FF4281-351A-4931-AFC3-F529C5AF7650}.Debug|x86.Build.0 = Debug|Any CPU
		{E7FF4281-351A-4931-AFC3-F529C5AF7650}.Release|Any CPU.ActiveCfg = Release|Any CPU
		{E7FF4281-351A-4931-AFC3-F529C5AF7650}.Release|Any CPU.Build.0 = Release|Any CPU
		{E7FF4281-351A-4931-AFC3-F529C5AF7650}.Release|x64.ActiveCfg = Release|Any CPU
		{E7FF4281-351A-4931-AFC3-F529C5AF7650}.Release|x64.Build.0 = Release|Any CPU
		{E7FF4281-351A-4931-AFC3-F529C5AF7650}.Release|x86.ActiveCfg = Release|Any CPU
		{E7FF4281-351A-4931-AFC3-F529C5AF7650}.Release|x86.Build.0 = Release|Any CPU
		{D479DA62-3474-4CC6-8B33-DBFA94876D5C}.Debug|Any CPU.ActiveCfg = Debug|Any CPU
		{D479DA62-3474-4CC6-8B33-DBFA94876D5C}.Debug|Any CPU.Build.0 = Debug|Any CPU
		{D479DA62-3474-4CC6-8B33-DBFA94876D5C}.Debug|x64.ActiveCfg = Debug|Any CPU
		{D479DA62-3474-4CC6-8B33-DBFA94876D5C}.Debug|x64.Build.0 = Debug|Any CPU
		{D479DA62-3474-4CC6-8B33-DBFA94876D5C}.Debug|x86.ActiveCfg = Debug|Any CPU
		{D479DA62-3474-4CC6-8B33-DBFA94876D5C}.Debug|x86.Build.0 = Debug|Any CPU
		{D479DA62-3474-4CC6-8B33-DBFA94876D5C}.Release|Any CPU.ActiveCfg = Release|Any CPU
		{D479DA62-3474-4CC6-8B33-DBFA94876D5C}.Release|Any CPU.Build.0 = Release|Any CPU
		{D479DA62-3474-4CC6-8B33-DBFA94876D5C}.Release|x64.ActiveCfg = Release|Any CPU
		{D479DA62-3474-4CC6-8B33-DBFA94876D5C}.Release|x64.Build.0 = Release|Any CPU
		{D479DA62-3474-4CC6-8B33-DBFA94876D5C}.Release|x86.ActiveCfg = Release|Any CPU
		{D479DA62-3474-4CC6-8B33-DBFA94876D5C}.Release|x86.Build.0 = Release|Any CPU
		{167B5CD0-3AC2-4913-A69E-BB3DDAD14E36}.Debug|Any CPU.ActiveCfg = Debug|Any CPU
		{167B5CD0-3AC2-4913-A69E-BB3DDAD14E36}.Debug|Any CPU.Build.0 = Debug|Any CPU
		{167B5CD0-3AC2-4913-A69E-BB3DDAD14E36}.Debug|x64.ActiveCfg = Debug|Any CPU
		{167B5CD0-3AC2-4913-A69E-BB3DDAD14E36}.Debug|x64.Build.0 = Debug|Any CPU
		{167B5CD0-3AC2-4913-A69E-BB3DDAD14E36}.Debug|x86.ActiveCfg = Debug|Any CPU
		{167B5CD0-3AC2-4913-A69E-BB3DDAD14E36}.Debug|x86.Build.0 = Debug|Any CPU
		{167B5CD0-3AC2-4913-A69E-BB3DDAD14E36}.Release|Any CPU.ActiveCfg = Release|Any CPU
		{167B5CD0-3AC2-4913-A69E-BB3DDAD14E36}.Release|Any CPU.Build.0 = Release|Any CPU
		{167B5CD0-3AC2-4913-A69E-BB3DDAD14E36}.Release|x64.ActiveCfg = Release|Any CPU
		{167B5CD0-3AC2-4913-A69E-BB3DDAD14E36}.Release|x64.Build.0 = Release|Any CPU
		{167B5CD0-3AC2-4913-A69E-BB3DDAD14E36}.Release|x86.ActiveCfg = Release|Any CPU
		{167B5CD0-3AC2-4913-A69E-BB3DDAD14E36}.Release|x86.Build.0 = Release|Any CPU
		{093F9EF2-718A-4289-BC6C-9BAA81C9DBA7}.Debug|Any CPU.ActiveCfg = Debug|Any CPU
		{093F9EF2-718A-4289-BC6C-9BAA81C9DBA7}.Debug|Any CPU.Build.0 = Debug|Any CPU
		{093F9EF2-718A-4289-BC6C-9BAA81C9DBA7}.Debug|x64.ActiveCfg = Debug|Any CPU
		{093F9EF2-718A-4289-BC6C-9BAA81C9DBA7}.Debug|x64.Build.0 = Debug|Any CPU
		{093F9EF2-718A-4289-BC6C-9BAA81C9DBA7}.Debug|x86.ActiveCfg = Debug|Any CPU
		{093F9EF2-718A-4289-BC6C-9BAA81C9DBA7}.Debug|x86.Build.0 = Debug|Any CPU
		{093F9EF2-718A-4289-BC6C-9BAA81C9DBA7}.Release|Any CPU.ActiveCfg = Release|Any CPU
		{093F9EF2-718A-4289-BC6C-9BAA81C9DBA7}.Release|Any CPU.Build.0 = Release|Any CPU
		{093F9EF2-718A-4289-BC6C-9BAA81C9DBA7}.Release|x64.ActiveCfg = Release|Any CPU
		{093F9EF2-718A-4289-BC6C-9BAA81C9DBA7}.Release|x64.Build.0 = Release|Any CPU
		{093F9EF2-718A-4289-BC6C-9BAA81C9DBA7}.Release|x86.ActiveCfg = Release|Any CPU
		{093F9EF2-718A-4289-BC6C-9BAA81C9DBA7}.Release|x86.Build.0 = Release|Any CPU
		{23549171-BF90-43D2-A702-B939271E8C1F}.Debug|Any CPU.ActiveCfg = Debug|Any CPU
		{23549171-BF90-43D2-A702-B939271E8C1F}.Debug|Any CPU.Build.0 = Debug|Any CPU
		{23549171-BF90-43D2-A702-B939271E8C1F}.Debug|x64.ActiveCfg = Debug|Any CPU
		{23549171-BF90-43D2-A702-B939271E8C1F}.Debug|x64.Build.0 = Debug|Any CPU
		{23549171-BF90-43D2-A702-B939271E8C1F}.Debug|x86.ActiveCfg = Debug|Any CPU
		{23549171-BF90-43D2-A702-B939271E8C1F}.Debug|x86.Build.0 = Debug|Any CPU
		{23549171-BF90-43D2-A702-B939271E8C1F}.Release|Any CPU.ActiveCfg = Release|Any CPU
		{23549171-BF90-43D2-A702-B939271E8C1F}.Release|Any CPU.Build.0 = Release|Any CPU
		{23549171-BF90-43D2-A702-B939271E8C1F}.Release|x64.ActiveCfg = Release|Any CPU
		{23549171-BF90-43D2-A702-B939271E8C1F}.Release|x64.Build.0 = Release|Any CPU
		{23549171-BF90-43D2-A702-B939271E8C1F}.Release|x86.ActiveCfg = Release|Any CPU
		{23549171-BF90-43D2-A702-B939271E8C1F}.Release|x86.Build.0 = Release|Any CPU
	EndGlobalSection
	GlobalSection(SolutionProperties) = preSolution
		HideSolutionNode = FALSE
	EndGlobalSection
	GlobalSection(NestedProjects) = preSolution
		{FE16983D-C960-455D-B03C-66CA6C89C5A2} = {56A6988F-2D03-452F-8AE0-09BBAAC45A65}
		{6DE4C414-37F3-4AA8-8A50-6D8EAF7D2142} = {56A6988F-2D03-452F-8AE0-09BBAAC45A65}
		{8121AE32-1C75-43FF-A1B3-7D970CF0687C} = {56A6988F-2D03-452F-8AE0-09BBAAC45A65}
		{B2315E40-2F07-4E04-A741-D492797E157E} = {91CB2976-8564-471E-8C6A-0EC5EBBD0944}
		{EAB014A7-1DC8-4670-86C0-A4EB1FF0992D} = {91CB2976-8564-471E-8C6A-0EC5EBBD0944}
		{118343DC-099F-41CB-B5D5-228E28820C81} = {91CB2976-8564-471E-8C6A-0EC5EBBD0944}
		{33BD4C86-FD8E-4C14-8EB0-AADFFDFF30AF} = {56A6988F-2D03-452F-8AE0-09BBAAC45A65}
		{57390785-FAF9-47BC-B0FB-DD54B60DAF82} = {56A6988F-2D03-452F-8AE0-09BBAAC45A65}
		{628D9011-3B0C-4C83-9437-D8DBDC5BC1E9} = {4BCA17C2-B3BF-4B36-B1BD-B57262D804D3}
		{1CB49C81-7361-470F-972D-157F6DEFFC00} = {C03D8D7F-8AE5-4DB9-AD33-59CF4AF1B576}
		{7411A58A-38F8-4E1C-8BD9-04BC40231A29} = {91CB2976-8564-471E-8C6A-0EC5EBBD0944}
		{E7FF4281-351A-4931-AFC3-F529C5AF7650} = {91CB2976-8564-471E-8C6A-0EC5EBBD0944}
		{D479DA62-3474-4CC6-8B33-DBFA94876D5C} = {B8A3696F-7B53-4174-9456-D9B651654393}
		{167B5CD0-3AC2-4913-A69E-BB3DDAD14E36} = {91CB2976-8564-471E-8C6A-0EC5EBBD0944}
		{093F9EF2-718A-4289-BC6C-9BAA81C9DBA7} = {91CB2976-8564-471E-8C6A-0EC5EBBD0944}
	EndGlobalSection
	GlobalSection(ExtensibilityGlobals) = postSolution
		SolutionGuid = {DA72731F-2632-46CA-AD91-D8ACB86B4F5B}
	EndGlobalSection
EndGlobal
